// !$*UTF8*$!
{
	archiveVersion = 1;
	classes = {
	};
	objectVersion = 56;
	objects = {

/* Begin PBXBuildFile section */
		CA09BCD22A7CC1710026A8A5 /* CustomPool.swift in Sources */ = {isa = PBXBuildFile; fileRef = CA09BCD12A7CC1710026A8A5 /* CustomPool.swift */; };
		CA2BC2602A79226C0085AC9F /* GameSettingsViewController.swift in Sources */ = {isa = PBXBuildFile; fileRef = CA2BC25F2A79226C0085AC9F /* GameSettingsViewController.swift */; };
		CA2BC2622A79227D0085AC9F /* GPTSettingsViewController.swift in Sources */ = {isa = PBXBuildFile; fileRef = CA2BC2612A79227D0085AC9F /* GPTSettingsViewController.swift */; };
		CA2BC2642A7922860085AC9F /* ContentSettingsViewController.swift in Sources */ = {isa = PBXBuildFile; fileRef = CA2BC2632A7922860085AC9F /* ContentSettingsViewController.swift */; };
		CA2BC2662A797A130085AC9F /* Settings.swift in Sources */ = {isa = PBXBuildFile; fileRef = CA2BC2652A797A130085AC9F /* Settings.swift */; };
		CAC458C22A7D3BC600508D11 /* CustomTruthTableViewController.swift in Sources */ = {isa = PBXBuildFile; fileRef = CAC458C12A7D3BC600508D11 /* CustomTruthTableViewController.swift */; };
		CAC458C42A7D910500508D11 /* CustomTruth.storyboard in Resources */ = {isa = PBXBuildFile; fileRef = CAC458C32A7D910500508D11 /* CustomTruth.storyboard */; };
		CAC458C62A7D910E00508D11 /* CustomDare.storyboard in Resources */ = {isa = PBXBuildFile; fileRef = CAC458C52A7D910E00508D11 /* CustomDare.storyboard */; };
		CAC458C82A7D919C00508D11 /* CustomTruthViewController.swift in Sources */ = {isa = PBXBuildFile; fileRef = CAC458C72A7D919C00508D11 /* CustomTruthViewController.swift */; };
		CAC458CA2A7D91A400508D11 /* CustomDareViewController.swift in Sources */ = {isa = PBXBuildFile; fileRef = CAC458C92A7D91A400508D11 /* CustomDareViewController.swift */; };
		CAC458D02A7E647300508D11 /* CustomDareTableViewController.swift in Sources */ = {isa = PBXBuildFile; fileRef = CAC458CF2A7E647300508D11 /* CustomDareTableViewController.swift */; };
		CAC458D82A7FDC6B00508D11 /* AddCustomContent.storyboard in Resources */ = {isa = PBXBuildFile; fileRef = CAC458D72A7FDC6B00508D11 /* AddCustomContent.storyboard */; };
		CAC458DA2A7FDF6A00508D11 /* AddCustomContentViewController.swift in Sources */ = {isa = PBXBuildFile; fileRef = CAC458D92A7FDF6A00508D11 /* AddCustomContentViewController.swift */; };
		CAC458EA2A80D34A00508D11 /* TruthOrDare.xcdatamodeld in Sources */ = {isa = PBXBuildFile; fileRef = CAC458E82A80D34A00508D11 /* TruthOrDare.xcdatamodeld */; };
		CAC458EC2A80D7C700508D11 /* DataManager.swift in Sources */ = {isa = PBXBuildFile; fileRef = CAC458EB2A80D7C700508D11 /* DataManager.swift */; };
		CAC458F42A82522E00508D11 /* Players.storyboard in Resources */ = {isa = PBXBuildFile; fileRef = CAC458F32A82522E00508D11 /* Players.storyboard */; };
		CAC458F62A82524300508D11 /* PlayersViewController.swift in Sources */ = {isa = PBXBuildFile; fileRef = CAC458F52A82524300508D11 /* PlayersViewController.swift */; };
		CAC458F82A8273BD00508D11 /* PlayersTableViewController.swift in Sources */ = {isa = PBXBuildFile; fileRef = CAC458F72A8273BD00508D11 /* PlayersTableViewController.swift */; };
		CAE031802A5C21CA0089E839 /* AppDelegate.swift in Sources */ = {isa = PBXBuildFile; fileRef = CAE0317F2A5C21CA0089E839 /* AppDelegate.swift */; };
		CAE031822A5C21CA0089E839 /* SceneDelegate.swift in Sources */ = {isa = PBXBuildFile; fileRef = CAE031812A5C21CA0089E839 /* SceneDelegate.swift */; };
		CAE031842A5C21CA0089E839 /* ViewController.swift in Sources */ = {isa = PBXBuildFile; fileRef = CAE031832A5C21CA0089E839 /* ViewController.swift */; };
		CAE031872A5C21CA0089E839 /* Main.storyboard in Resources */ = {isa = PBXBuildFile; fileRef = CAE031852A5C21CA0089E839 /* Main.storyboard */; };
		CAE031892A5C21CB0089E839 /* Assets.xcassets in Resources */ = {isa = PBXBuildFile; fileRef = CAE031882A5C21CB0089E839 /* Assets.xcassets */; };
		CAE0318C2A5C21CB0089E839 /* LaunchScreen.storyboard in Resources */ = {isa = PBXBuildFile; fileRef = CAE0318A2A5C21CB0089E839 /* LaunchScreen.storyboard */; };
		CAE031972A5C21CB0089E839 /* TruthOrDareTests.swift in Sources */ = {isa = PBXBuildFile; fileRef = CAE031962A5C21CB0089E839 /* TruthOrDareTests.swift */; };
		CAE031A12A5C21CB0089E839 /* TruthOrDareUITests.swift in Sources */ = {isa = PBXBuildFile; fileRef = CAE031A02A5C21CB0089E839 /* TruthOrDareUITests.swift */; };
		CAE031A32A5C21CB0089E839 /* TruthOrDareUITestsLaunchTests.swift in Sources */ = {isa = PBXBuildFile; fileRef = CAE031A22A5C21CB0089E839 /* TruthOrDareUITestsLaunchTests.swift */; };
		CAE031B82A5C2F9D0089E839 /* Game.storyboard in Resources */ = {isa = PBXBuildFile; fileRef = CAE031B72A5C2F9D0089E839 /* Game.storyboard */; };
		CAE031BD2A5C35F00089E839 /* GameViewController.swift in Sources */ = {isa = PBXBuildFile; fileRef = CAE031BC2A5C35F00089E839 /* GameViewController.swift */; };
		CAE031C22A5C390A0089E839 /* Game.swift in Sources */ = {isa = PBXBuildFile; fileRef = CAE031C12A5C390A0089E839 /* Game.swift */; };
		CAE031C52A5C39220089E839 /* Player.swift in Sources */ = {isa = PBXBuildFile; fileRef = CAE031C42A5C39220089E839 /* Player.swift */; };
		CAE031C82A5C65B70089E839 /* Settings.storyboard in Resources */ = {isa = PBXBuildFile; fileRef = CAE031C72A5C65B70089E839 /* Settings.storyboard */; };
		CAE031CA2A5C65E00089E839 /* SettingsViewController.swift in Sources */ = {isa = PBXBuildFile; fileRef = CAE031C92A5C65E00089E839 /* SettingsViewController.swift */; };
		CAE031CD2A5C681B0089E839 /* UIViewExtension.swift in Sources */ = {isa = PBXBuildFile; fileRef = CAE031CC2A5C681B0089E839 /* UIViewExtension.swift */; };
		CAE031D22A5CA11F0089E839 /* AddPlayer.xib in Resources */ = {isa = PBXBuildFile; fileRef = CAE031D12A5CA11F0089E839 /* AddPlayer.xib */; };
		CAE031D42A5CA1510089E839 /* AddPlayerView.swift in Sources */ = {isa = PBXBuildFile; fileRef = CAE031D32A5CA1510089E839 /* AddPlayerView.swift */; };
		CAE031D82A5D37680089E839 /* PlayerPropertyType.swift in Sources */ = {isa = PBXBuildFile; fileRef = CAE031D72A5D37680089E839 /* PlayerPropertyType.swift */; };
		CAE031DA2A5E6FF80089E839 /* PlayerColor.swift in Sources */ = {isa = PBXBuildFile; fileRef = CAE031D92A5E6FF80089E839 /* PlayerColor.swift */; };
		CAE031E02A61847E0089E839 /* RoundType.swift in Sources */ = {isa = PBXBuildFile; fileRef = CAE031DF2A61847E0089E839 /* RoundType.swift */; };
		CAFFE04B2A77F76C008BA04B /* GameSettings.storyboard in Resources */ = {isa = PBXBuildFile; fileRef = CAFFE04A2A77F76C008BA04B /* GameSettings.storyboard */; };
		CAFFE04D2A77F77C008BA04B /* GPTSettings.storyboard in Resources */ = {isa = PBXBuildFile; fileRef = CAFFE04C2A77F77C008BA04B /* GPTSettings.storyboard */; };
		CAFFE04F2A77F784008BA04B /* ContentSettings.storyboard in Resources */ = {isa = PBXBuildFile; fileRef = CAFFE04E2A77F784008BA04B /* ContentSettings.storyboard */; };
/* End PBXBuildFile section */

/* Begin PBXContainerItemProxy section */
		CAE031932A5C21CB0089E839 /* PBXContainerItemProxy */ = {
			isa = PBXContainerItemProxy;
			containerPortal = CAE031742A5C21CA0089E839 /* Project object */;
			proxyType = 1;
			remoteGlobalIDString = CAE0317B2A5C21CA0089E839;
			remoteInfo = TruthOrDare;
		};
		CAE0319D2A5C21CB0089E839 /* PBXContainerItemProxy */ = {
			isa = PBXContainerItemProxy;
			containerPortal = CAE031742A5C21CA0089E839 /* Project object */;
			proxyType = 1;
			remoteGlobalIDString = CAE0317B2A5C21CA0089E839;
			remoteInfo = TruthOrDare;
		};
/* End PBXContainerItemProxy section */

/* Begin PBXFileReference section */
		CA09BCD12A7CC1710026A8A5 /* CustomPool.swift */ = {isa = PBXFileReference; lastKnownFileType = sourcecode.swift; path = CustomPool.swift; sourceTree = "<group>"; };
		CA2BC25F2A79226C0085AC9F /* GameSettingsViewController.swift */ = {isa = PBXFileReference; lastKnownFileType = sourcecode.swift; path = GameSettingsViewController.swift; sourceTree = "<group>"; };
		CA2BC2612A79227D0085AC9F /* GPTSettingsViewController.swift */ = {isa = PBXFileReference; lastKnownFileType = sourcecode.swift; path = GPTSettingsViewController.swift; sourceTree = "<group>"; };
		CA2BC2632A7922860085AC9F /* ContentSettingsViewController.swift */ = {isa = PBXFileReference; lastKnownFileType = sourcecode.swift; path = ContentSettingsViewController.swift; sourceTree = "<group>"; };
		CA2BC2652A797A130085AC9F /* Settings.swift */ = {isa = PBXFileReference; lastKnownFileType = sourcecode.swift; path = Settings.swift; sourceTree = "<group>"; };
		CAC458C12A7D3BC600508D11 /* CustomTruthTableViewController.swift */ = {isa = PBXFileReference; lastKnownFileType = sourcecode.swift; path = CustomTruthTableViewController.swift; sourceTree = "<group>"; };
		CAC458C32A7D910500508D11 /* CustomTruth.storyboard */ = {isa = PBXFileReference; lastKnownFileType = file.storyboard; path = CustomTruth.storyboard; sourceTree = "<group>"; };
		CAC458C52A7D910E00508D11 /* CustomDare.storyboard */ = {isa = PBXFileReference; lastKnownFileType = file.storyboard; path = CustomDare.storyboard; sourceTree = "<group>"; };
		CAC458C72A7D919C00508D11 /* CustomTruthViewController.swift */ = {isa = PBXFileReference; lastKnownFileType = sourcecode.swift; path = CustomTruthViewController.swift; sourceTree = "<group>"; };
		CAC458C92A7D91A400508D11 /* CustomDareViewController.swift */ = {isa = PBXFileReference; lastKnownFileType = sourcecode.swift; path = CustomDareViewController.swift; sourceTree = "<group>"; };
		CAC458CF2A7E647300508D11 /* CustomDareTableViewController.swift */ = {isa = PBXFileReference; lastKnownFileType = sourcecode.swift; path = CustomDareTableViewController.swift; sourceTree = "<group>"; };
		CAC458D72A7FDC6B00508D11 /* AddCustomContent.storyboard */ = {isa = PBXFileReference; lastKnownFileType = file.storyboard; path = AddCustomContent.storyboard; sourceTree = "<group>"; };
		CAC458D92A7FDF6A00508D11 /* AddCustomContentViewController.swift */ = {isa = PBXFileReference; lastKnownFileType = sourcecode.swift; path = AddCustomContentViewController.swift; sourceTree = "<group>"; };
		CAC458E92A80D34A00508D11 /* TruthOrDare.xcdatamodel */ = {isa = PBXFileReference; lastKnownFileType = wrapper.xcdatamodel; path = TruthOrDare.xcdatamodel; sourceTree = "<group>"; };
		CAC458EB2A80D7C700508D11 /* DataManager.swift */ = {isa = PBXFileReference; lastKnownFileType = sourcecode.swift; path = DataManager.swift; sourceTree = "<group>"; };
		CAC458F32A82522E00508D11 /* Players.storyboard */ = {isa = PBXFileReference; lastKnownFileType = file.storyboard; path = Players.storyboard; sourceTree = "<group>"; };
		CAC458F52A82524300508D11 /* PlayersViewController.swift */ = {isa = PBXFileReference; lastKnownFileType = sourcecode.swift; path = PlayersViewController.swift; sourceTree = "<group>"; };
		CAC458F72A8273BD00508D11 /* PlayersTableViewController.swift */ = {isa = PBXFileReference; lastKnownFileType = sourcecode.swift; path = PlayersTableViewController.swift; sourceTree = "<group>"; };
		CAE0317C2A5C21CA0089E839 /* TruthOrDare.app */ = {isa = PBXFileReference; explicitFileType = wrapper.application; includeInIndex = 0; path = TruthOrDare.app; sourceTree = BUILT_PRODUCTS_DIR; };
		CAE0317F2A5C21CA0089E839 /* AppDelegate.swift */ = {isa = PBXFileReference; lastKnownFileType = sourcecode.swift; path = AppDelegate.swift; sourceTree = "<group>"; };
		CAE031812A5C21CA0089E839 /* SceneDelegate.swift */ = {isa = PBXFileReference; lastKnownFileType = sourcecode.swift; path = SceneDelegate.swift; sourceTree = "<group>"; };
		CAE031832A5C21CA0089E839 /* ViewController.swift */ = {isa = PBXFileReference; lastKnownFileType = sourcecode.swift; path = ViewController.swift; sourceTree = "<group>"; };
		CAE031862A5C21CA0089E839 /* Base */ = {isa = PBXFileReference; lastKnownFileType = file.storyboard; name = Base; path = Base.lproj/Main.storyboard; sourceTree = "<group>"; };
		CAE031882A5C21CB0089E839 /* Assets.xcassets */ = {isa = PBXFileReference; lastKnownFileType = folder.assetcatalog; path = Assets.xcassets; sourceTree = "<group>"; };
		CAE0318B2A5C21CB0089E839 /* Base */ = {isa = PBXFileReference; lastKnownFileType = file.storyboard; name = Base; path = Base.lproj/LaunchScreen.storyboard; sourceTree = "<group>"; };
		CAE0318D2A5C21CB0089E839 /* Info.plist */ = {isa = PBXFileReference; lastKnownFileType = text.plist.xml; path = Info.plist; sourceTree = "<group>"; };
		CAE031922A5C21CB0089E839 /* TruthOrDareTests.xctest */ = {isa = PBXFileReference; explicitFileType = wrapper.cfbundle; includeInIndex = 0; path = TruthOrDareTests.xctest; sourceTree = BUILT_PRODUCTS_DIR; };
		CAE031962A5C21CB0089E839 /* TruthOrDareTests.swift */ = {isa = PBXFileReference; lastKnownFileType = sourcecode.swift; path = TruthOrDareTests.swift; sourceTree = "<group>"; };
		CAE0319C2A5C21CB0089E839 /* TruthOrDareUITests.xctest */ = {isa = PBXFileReference; explicitFileType = wrapper.cfbundle; includeInIndex = 0; path = TruthOrDareUITests.xctest; sourceTree = BUILT_PRODUCTS_DIR; };
		CAE031A02A5C21CB0089E839 /* TruthOrDareUITests.swift */ = {isa = PBXFileReference; lastKnownFileType = sourcecode.swift; path = TruthOrDareUITests.swift; sourceTree = "<group>"; };
		CAE031A22A5C21CB0089E839 /* TruthOrDareUITestsLaunchTests.swift */ = {isa = PBXFileReference; lastKnownFileType = sourcecode.swift; path = TruthOrDareUITestsLaunchTests.swift; sourceTree = "<group>"; };
		CAE031B72A5C2F9D0089E839 /* Game.storyboard */ = {isa = PBXFileReference; lastKnownFileType = file.storyboard; path = Game.storyboard; sourceTree = "<group>"; };
		CAE031BC2A5C35F00089E839 /* GameViewController.swift */ = {isa = PBXFileReference; lastKnownFileType = sourcecode.swift; path = GameViewController.swift; sourceTree = "<group>"; };
		CAE031C12A5C390A0089E839 /* Game.swift */ = {isa = PBXFileReference; lastKnownFileType = sourcecode.swift; path = Game.swift; sourceTree = "<group>"; };
		CAE031C42A5C39220089E839 /* Player.swift */ = {isa = PBXFileReference; lastKnownFileType = sourcecode.swift; path = Player.swift; sourceTree = "<group>"; };
		CAE031C72A5C65B70089E839 /* Settings.storyboard */ = {isa = PBXFileReference; lastKnownFileType = file.storyboard; path = Settings.storyboard; sourceTree = "<group>"; };
		CAE031C92A5C65E00089E839 /* SettingsViewController.swift */ = {isa = PBXFileReference; lastKnownFileType = sourcecode.swift; path = SettingsViewController.swift; sourceTree = "<group>"; };
		CAE031CC2A5C681B0089E839 /* UIViewExtension.swift */ = {isa = PBXFileReference; lastKnownFileType = sourcecode.swift; path = UIViewExtension.swift; sourceTree = "<group>"; };
		CAE031D12A5CA11F0089E839 /* AddPlayer.xib */ = {isa = PBXFileReference; lastKnownFileType = file.xib; path = AddPlayer.xib; sourceTree = "<group>"; };
		CAE031D32A5CA1510089E839 /* AddPlayerView.swift */ = {isa = PBXFileReference; lastKnownFileType = sourcecode.swift; path = AddPlayerView.swift; sourceTree = "<group>"; };
		CAE031D72A5D37680089E839 /* PlayerPropertyType.swift */ = {isa = PBXFileReference; lastKnownFileType = sourcecode.swift; path = PlayerPropertyType.swift; sourceTree = "<group>"; };
		CAE031D92A5E6FF80089E839 /* PlayerColor.swift */ = {isa = PBXFileReference; lastKnownFileType = sourcecode.swift; path = PlayerColor.swift; sourceTree = "<group>"; };
		CAE031DF2A61847E0089E839 /* RoundType.swift */ = {isa = PBXFileReference; lastKnownFileType = sourcecode.swift; path = RoundType.swift; sourceTree = "<group>"; };
		CAFFE04A2A77F76C008BA04B /* GameSettings.storyboard */ = {isa = PBXFileReference; lastKnownFileType = file.storyboard; path = GameSettings.storyboard; sourceTree = "<group>"; };
		CAFFE04C2A77F77C008BA04B /* GPTSettings.storyboard */ = {isa = PBXFileReference; lastKnownFileType = file.storyboard; path = GPTSettings.storyboard; sourceTree = "<group>"; };
		CAFFE04E2A77F784008BA04B /* ContentSettings.storyboard */ = {isa = PBXFileReference; lastKnownFileType = file.storyboard; path = ContentSettings.storyboard; sourceTree = "<group>"; };
/* End PBXFileReference section */

/* Begin PBXFrameworksBuildPhase section */
		CAE031792A5C21CA0089E839 /* Frameworks */ = {
			isa = PBXFrameworksBuildPhase;
			buildActionMask = 2147483647;
			files = (
			);
			runOnlyForDeploymentPostprocessing = 0;
		};
		CAE0318F2A5C21CB0089E839 /* Frameworks */ = {
			isa = PBXFrameworksBuildPhase;
			buildActionMask = 2147483647;
			files = (
			);
			runOnlyForDeploymentPostprocessing = 0;
		};
		CAE031992A5C21CB0089E839 /* Frameworks */ = {
			isa = PBXFrameworksBuildPhase;
			buildActionMask = 2147483647;
			files = (
			);
			runOnlyForDeploymentPostprocessing = 0;
		};
/* End PBXFrameworksBuildPhase section */

/* Begin PBXGroup section */
		CAC458D12A7E647800508D11 /* Game */ = {
			isa = PBXGroup;
			children = (
				CA2BC25F2A79226C0085AC9F /* GameSettingsViewController.swift */,
				CAC458F52A82524300508D11 /* PlayersViewController.swift */,
				CAC458F72A8273BD00508D11 /* PlayersTableViewController.swift */,
			);
			path = Game;
			sourceTree = "<group>";
		};
		CAC458D22A7E647C00508D11 /* Content */ = {
			isa = PBXGroup;
			children = (
				CA2BC2632A7922860085AC9F /* ContentSettingsViewController.swift */,
				CAC458D42A7E649000508D11 /* Truth */,
				CAC458D52A7E649800508D11 /* Dare */,
				CAC458D92A7FDF6A00508D11 /* AddCustomContentViewController.swift */,
			);
			path = Content;
			sourceTree = "<group>";
		};
		CAC458D32A7E647E00508D11 /* ChatGPT */ = {
			isa = PBXGroup;
			children = (
				CA2BC2612A79227D0085AC9F /* GPTSettingsViewController.swift */,
			);
			path = ChatGPT;
			sourceTree = "<group>";
		};
		CAC458D42A7E649000508D11 /* Truth */ = {
			isa = PBXGroup;
			children = (
				CAC458C72A7D919C00508D11 /* CustomTruthViewController.swift */,
				CAC458C12A7D3BC600508D11 /* CustomTruthTableViewController.swift */,
			);
			path = Truth;
			sourceTree = "<group>";
		};
		CAC458D52A7E649800508D11 /* Dare */ = {
			isa = PBXGroup;
			children = (
				CAC458C92A7D91A400508D11 /* CustomDareViewController.swift */,
				CAC458CF2A7E647300508D11 /* CustomDareTableViewController.swift */,
			);
			path = Dare;
			sourceTree = "<group>";
		};
		CAE031732A5C21CA0089E839 = {
			isa = PBXGroup;
			children = (
				CAE0317E2A5C21CA0089E839 /* TruthOrDare */,
				CAE031952A5C21CB0089E839 /* TruthOrDareTests */,
				CAE0319F2A5C21CB0089E839 /* TruthOrDareUITests */,
				CAE0317D2A5C21CA0089E839 /* Products */,
			);
			sourceTree = "<group>";
		};
		CAE0317D2A5C21CA0089E839 /* Products */ = {
			isa = PBXGroup;
			children = (
				CAE0317C2A5C21CA0089E839 /* TruthOrDare.app */,
				CAE031922A5C21CB0089E839 /* TruthOrDareTests.xctest */,
				CAE0319C2A5C21CB0089E839 /* TruthOrDareUITests.xctest */,
			);
			name = Products;
			sourceTree = "<group>";
		};
		CAE0317E2A5C21CA0089E839 /* TruthOrDare */ = {
			isa = PBXGroup;
			children = (
				CAE031AF2A5C23B00089E839 /* BusinessLogicLayer */,
				CAE031B12A5C23DA0089E839 /* UILayer */,
				CAE031B02A5C23D30089E839 /* ServiceLayer */,
				CAE031B22A5C23E00089E839 /* StorageLayer */,
				CAE0317F2A5C21CA0089E839 /* AppDelegate.swift */,
				CAE031812A5C21CA0089E839 /* SceneDelegate.swift */,
				CAE031882A5C21CB0089E839 /* Assets.xcassets */,
				CAE0318D2A5C21CB0089E839 /* Info.plist */,
			);
			path = TruthOrDare;
			sourceTree = "<group>";
		};
		CAE031952A5C21CB0089E839 /* TruthOrDareTests */ = {
			isa = PBXGroup;
			children = (
				CAE031962A5C21CB0089E839 /* TruthOrDareTests.swift */,
			);
			path = TruthOrDareTests;
			sourceTree = "<group>";
		};
		CAE0319F2A5C21CB0089E839 /* TruthOrDareUITests */ = {
			isa = PBXGroup;
			children = (
				CAE031A02A5C21CB0089E839 /* TruthOrDareUITests.swift */,
				CAE031A22A5C21CB0089E839 /* TruthOrDareUITestsLaunchTests.swift */,
			);
			path = TruthOrDareUITests;
			sourceTree = "<group>";
		};
		CAE031AF2A5C23B00089E839 /* BusinessLogicLayer */ = {
			isa = PBXGroup;
			children = (
				CAE031BE2A5C38E10089E839 /* Model */,
			);
			path = BusinessLogicLayer;
			sourceTree = "<group>";
		};
		CAE031B02A5C23D30089E839 /* ServiceLayer */ = {
			isa = PBXGroup;
			children = (
			);
			path = ServiceLayer;
			sourceTree = "<group>";
		};
		CAE031B12A5C23DA0089E839 /* UILayer */ = {
			isa = PBXGroup;
			children = (
				CAE031CE2A5CA0810089E839 /* Views */,
				CAE031CB2A5C680B0089E839 /* Extensions */,
				CAE031B42A5C25D80089E839 /* ViewControllers */,
				CAE031B32A5C25D20089E839 /* Storyboards */,
			);
			path = UILayer;
			sourceTree = "<group>";
		};
		CAE031B22A5C23E00089E839 /* StorageLayer */ = {
			isa = PBXGroup;
			children = (
				CAC458E82A80D34A00508D11 /* TruthOrDare.xcdatamodeld */,
				CAC458EB2A80D7C700508D11 /* DataManager.swift */,
			);
			path = StorageLayer;
			sourceTree = "<group>";
		};
		CAE031B32A5C25D20089E839 /* Storyboards */ = {
			isa = PBXGroup;
			children = (
				CAFFE0482A77B527008BA04B /* Settings */,
				CAE031B92A5C35D90089E839 /* Menu */,
				CAE031B62A5C2F960089E839 /* Game */,
				CAE031B52A5C25E30089E839 /* Launch */,
			);
			path = Storyboards;
			sourceTree = "<group>";
		};
		CAE031B42A5C25D80089E839 /* ViewControllers */ = {
			isa = PBXGroup;
			children = (
				CAFFE0492A77B531008BA04B /* Settings */,
				CAE031BB2A5C35E20089E839 /* Game */,
				CAE031BA2A5C35E00089E839 /* Menu */,
			);
			path = ViewControllers;
			sourceTree = "<group>";
		};
		CAE031B52A5C25E30089E839 /* Launch */ = {
			isa = PBXGroup;
			children = (
				CAE0318A2A5C21CB0089E839 /* LaunchScreen.storyboard */,
			);
			path = Launch;
			sourceTree = "<group>";
		};
		CAE031B62A5C2F960089E839 /* Game */ = {
			isa = PBXGroup;
			children = (
				CAE031B72A5C2F9D0089E839 /* Game.storyboard */,
				CAC458F32A82522E00508D11 /* Players.storyboard */,
			);
			path = Game;
			sourceTree = "<group>";
		};
		CAE031B92A5C35D90089E839 /* Menu */ = {
			isa = PBXGroup;
			children = (
				CAE031852A5C21CA0089E839 /* Main.storyboard */,
			);
			path = Menu;
			sourceTree = "<group>";
		};
		CAE031BA2A5C35E00089E839 /* Menu */ = {
			isa = PBXGroup;
			children = (
				CAE031832A5C21CA0089E839 /* ViewController.swift */,
			);
			path = Menu;
			sourceTree = "<group>";
		};
		CAE031BB2A5C35E20089E839 /* Game */ = {
			isa = PBXGroup;
			children = (
				CAE031BC2A5C35F00089E839 /* GameViewController.swift */,
			);
			path = Game;
			sourceTree = "<group>";
		};
		CAE031BE2A5C38E10089E839 /* Model */ = {
			isa = PBXGroup;
			children = (
				CAE031D52A5D37560089E839 /* Enums */,
				CAE031BF2A5C38FB0089E839 /* Classes */,
			);
			path = Model;
			sourceTree = "<group>";
		};
		CAE031BF2A5C38FB0089E839 /* Classes */ = {
			isa = PBXGroup;
			children = (
				CAE031C12A5C390A0089E839 /* Game.swift */,
				CAE031C42A5C39220089E839 /* Player.swift */,
				CA2BC2652A797A130085AC9F /* Settings.swift */,
				CA09BCD12A7CC1710026A8A5 /* CustomPool.swift */,
			);
			path = Classes;
			sourceTree = "<group>";
		};
		CAE031CB2A5C680B0089E839 /* Extensions */ = {
			isa = PBXGroup;
			children = (
				CAE031CC2A5C681B0089E839 /* UIViewExtension.swift */,
			);
			path = Extensions;
			sourceTree = "<group>";
		};
		CAE031CE2A5CA0810089E839 /* Views */ = {
			isa = PBXGroup;
			children = (
				CAE031CF2A5CA0860089E839 /* Views */,
				CAE031D02A5CA08B0089E839 /* UIViews */,
			);
			path = Views;
			sourceTree = "<group>";
		};
		CAE031CF2A5CA0860089E839 /* Views */ = {
			isa = PBXGroup;
			children = (
				CAE031D32A5CA1510089E839 /* AddPlayerView.swift */,
			);
			path = Views;
			sourceTree = "<group>";
		};
		CAE031D02A5CA08B0089E839 /* UIViews */ = {
			isa = PBXGroup;
			children = (
				CAE031D12A5CA11F0089E839 /* AddPlayer.xib */,
			);
			path = UIViews;
			sourceTree = "<group>";
		};
		CAE031D52A5D37560089E839 /* Enums */ = {
			isa = PBXGroup;
			children = (
				CAE031D72A5D37680089E839 /* PlayerPropertyType.swift */,
				CAE031D92A5E6FF80089E839 /* PlayerColor.swift */,
				CAE031DF2A61847E0089E839 /* RoundType.swift */,
			);
			path = Enums;
			sourceTree = "<group>";
		};
		CAFFE0482A77B527008BA04B /* Settings */ = {
			isa = PBXGroup;
			children = (
				CAE031C72A5C65B70089E839 /* Settings.storyboard */,
				CAFFE04A2A77F76C008BA04B /* GameSettings.storyboard */,
				CAFFE04C2A77F77C008BA04B /* GPTSettings.storyboard */,
				CAFFE04E2A77F784008BA04B /* ContentSettings.storyboard */,
				CAC458C32A7D910500508D11 /* CustomTruth.storyboard */,
				CAC458C52A7D910E00508D11 /* CustomDare.storyboard */,
				CAC458D72A7FDC6B00508D11 /* AddCustomContent.storyboard */,
			);
			path = Settings;
			sourceTree = "<group>";
		};
		CAFFE0492A77B531008BA04B /* Settings */ = {
			isa = PBXGroup;
			children = (
				CAC458D32A7E647E00508D11 /* ChatGPT */,
				CAC458D22A7E647C00508D11 /* Content */,
				CAC458D12A7E647800508D11 /* Game */,
				CAE031C92A5C65E00089E839 /* SettingsViewController.swift */,
			);
			path = Settings;
			sourceTree = "<group>";
		};
/* End PBXGroup section */

/* Begin PBXNativeTarget section */
		CAE0317B2A5C21CA0089E839 /* TruthOrDare */ = {
			isa = PBXNativeTarget;
			buildConfigurationList = CAE031A62A5C21CB0089E839 /* Build configuration list for PBXNativeTarget "TruthOrDare" */;
			buildPhases = (
				CAE031782A5C21CA0089E839 /* Sources */,
				CAE031792A5C21CA0089E839 /* Frameworks */,
				CAE0317A2A5C21CA0089E839 /* Resources */,
			);
			buildRules = (
			);
			dependencies = (
			);
			name = TruthOrDare;
			productName = TruthOrDare;
			productReference = CAE0317C2A5C21CA0089E839 /* TruthOrDare.app */;
			productType = "com.apple.product-type.application";
		};
		CAE031912A5C21CB0089E839 /* TruthOrDareTests */ = {
			isa = PBXNativeTarget;
			buildConfigurationList = CAE031A92A5C21CB0089E839 /* Build configuration list for PBXNativeTarget "TruthOrDareTests" */;
			buildPhases = (
				CAE0318E2A5C21CB0089E839 /* Sources */,
				CAE0318F2A5C21CB0089E839 /* Frameworks */,
				CAE031902A5C21CB0089E839 /* Resources */,
			);
			buildRules = (
			);
			dependencies = (
				CAE031942A5C21CB0089E839 /* PBXTargetDependency */,
			);
			name = TruthOrDareTests;
			productName = TruthOrDareTests;
			productReference = CAE031922A5C21CB0089E839 /* TruthOrDareTests.xctest */;
			productType = "com.apple.product-type.bundle.unit-test";
		};
		CAE0319B2A5C21CB0089E839 /* TruthOrDareUITests */ = {
			isa = PBXNativeTarget;
			buildConfigurationList = CAE031AC2A5C21CB0089E839 /* Build configuration list for PBXNativeTarget "TruthOrDareUITests" */;
			buildPhases = (
				CAE031982A5C21CB0089E839 /* Sources */,
				CAE031992A5C21CB0089E839 /* Frameworks */,
				CAE0319A2A5C21CB0089E839 /* Resources */,
			);
			buildRules = (
			);
			dependencies = (
				CAE0319E2A5C21CB0089E839 /* PBXTargetDependency */,
			);
			name = TruthOrDareUITests;
			productName = TruthOrDareUITests;
			productReference = CAE0319C2A5C21CB0089E839 /* TruthOrDareUITests.xctest */;
			productType = "com.apple.product-type.bundle.ui-testing";
		};
/* End PBXNativeTarget section */

/* Begin PBXProject section */
		CAE031742A5C21CA0089E839 /* Project object */ = {
			isa = PBXProject;
			attributes = {
				BuildIndependentTargetsInParallel = 1;
				LastSwiftUpdateCheck = 1430;
				LastUpgradeCheck = 1430;
				TargetAttributes = {
					CAE0317B2A5C21CA0089E839 = {
						CreatedOnToolsVersion = 14.3.1;
					};
					CAE031912A5C21CB0089E839 = {
						CreatedOnToolsVersion = 14.3.1;
						TestTargetID = CAE0317B2A5C21CA0089E839;
					};
					CAE0319B2A5C21CB0089E839 = {
						CreatedOnToolsVersion = 14.3.1;
						TestTargetID = CAE0317B2A5C21CA0089E839;
					};
				};
			};
			buildConfigurationList = CAE031772A5C21CA0089E839 /* Build configuration list for PBXProject "TruthOrDare" */;
			compatibilityVersion = "Xcode 14.0";
			developmentRegion = en;
			hasScannedForEncodings = 0;
			knownRegions = (
				en,
				Base,
			);
			mainGroup = CAE031732A5C21CA0089E839;
			productRefGroup = CAE0317D2A5C21CA0089E839 /* Products */;
			projectDirPath = "";
			projectRoot = "";
			targets = (
				CAE0317B2A5C21CA0089E839 /* TruthOrDare */,
				CAE031912A5C21CB0089E839 /* TruthOrDareTests */,
				CAE0319B2A5C21CB0089E839 /* TruthOrDareUITests */,
			);
		};
/* End PBXProject section */

/* Begin PBXResourcesBuildPhase section */
		CAE0317A2A5C21CA0089E839 /* Resources */ = {
			isa = PBXResourcesBuildPhase;
			buildActionMask = 2147483647;
			files = (
				CAE031B82A5C2F9D0089E839 /* Game.storyboard in Resources */,
				CAFFE04D2A77F77C008BA04B /* GPTSettings.storyboard in Resources */,
				CAE0318C2A5C21CB0089E839 /* LaunchScreen.storyboard in Resources */,
				CAFFE04B2A77F76C008BA04B /* GameSettings.storyboard in Resources */,
				CAE031D22A5CA11F0089E839 /* AddPlayer.xib in Resources */,
				CAFFE04F2A77F784008BA04B /* ContentSettings.storyboard in Resources */,
				CAE031892A5C21CB0089E839 /* Assets.xcassets in Resources */,
				CAE031872A5C21CA0089E839 /* Main.storyboard in Resources */,
				CAE031C82A5C65B70089E839 /* Settings.storyboard in Resources */,
				CAC458D82A7FDC6B00508D11 /* AddCustomContent.storyboard in Resources */,
				CAC458F42A82522E00508D11 /* Players.storyboard in Resources */,
				CAC458C62A7D910E00508D11 /* CustomDare.storyboard in Resources */,
				CAC458C42A7D910500508D11 /* CustomTruth.storyboard in Resources */,
			);
			runOnlyForDeploymentPostprocessing = 0;
		};
		CAE031902A5C21CB0089E839 /* Resources */ = {
			isa = PBXResourcesBuildPhase;
			buildActionMask = 2147483647;
			files = (
			);
			runOnlyForDeploymentPostprocessing = 0;
		};
		CAE0319A2A5C21CB0089E839 /* Resources */ = {
			isa = PBXResourcesBuildPhase;
			buildActionMask = 2147483647;
			files = (
			);
			runOnlyForDeploymentPostprocessing = 0;
		};
/* End PBXResourcesBuildPhase section */

/* Begin PBXSourcesBuildPhase section */
		CAE031782A5C21CA0089E839 /* Sources */ = {
			isa = PBXSourcesBuildPhase;
			buildActionMask = 2147483647;
			files = (
				CAC458D02A7E647300508D11 /* CustomDareTableViewController.swift in Sources */,
				CAC458EC2A80D7C700508D11 /* DataManager.swift in Sources */,
				CAE031BD2A5C35F00089E839 /* GameViewController.swift in Sources */,
				CAE031DA2A5E6FF80089E839 /* PlayerColor.swift in Sources */,
				CAE031C22A5C390A0089E839 /* Game.swift in Sources */,
				CA2BC2602A79226C0085AC9F /* GameSettingsViewController.swift in Sources */,
				CAE031CA2A5C65E00089E839 /* SettingsViewController.swift in Sources */,
				CAE031842A5C21CA0089E839 /* ViewController.swift in Sources */,
				CAE031D42A5CA1510089E839 /* AddPlayerView.swift in Sources */,
				CAC458EA2A80D34A00508D11 /* TruthOrDare.xcdatamodeld in Sources */,
				CAE031802A5C21CA0089E839 /* AppDelegate.swift in Sources */,
				CAE031C52A5C39220089E839 /* Player.swift in Sources */,
				CA2BC2622A79227D0085AC9F /* GPTSettingsViewController.swift in Sources */,
				CAC458F62A82524300508D11 /* PlayersViewController.swift in Sources */,
				CA09BCD22A7CC1710026A8A5 /* CustomPool.swift in Sources */,
				CA2BC2662A797A130085AC9F /* Settings.swift in Sources */,
				CAE031E02A61847E0089E839 /* RoundType.swift in Sources */,
				CAC458DA2A7FDF6A00508D11 /* AddCustomContentViewController.swift in Sources */,
				CA2BC2642A7922860085AC9F /* ContentSettingsViewController.swift in Sources */,
				CAC458C82A7D919C00508D11 /* CustomTruthViewController.swift in Sources */,
				CAC458F82A8273BD00508D11 /* PlayersTableViewController.swift in Sources */,
				CAE031CD2A5C681B0089E839 /* UIViewExtension.swift in Sources */,
				CAC458CA2A7D91A400508D11 /* CustomDareViewController.swift in Sources */,
				CAE031822A5C21CA0089E839 /* SceneDelegate.swift in Sources */,
				CAE031D82A5D37680089E839 /* PlayerPropertyType.swift in Sources */,
				CAC458C22A7D3BC600508D11 /* CustomTruthTableViewController.swift in Sources */,
			);
			runOnlyForDeploymentPostprocessing = 0;
		};
		CAE0318E2A5C21CB0089E839 /* Sources */ = {
			isa = PBXSourcesBuildPhase;
			buildActionMask = 2147483647;
			files = (
				CAE031972A5C21CB0089E839 /* TruthOrDareTests.swift in Sources */,
			);
			runOnlyForDeploymentPostprocessing = 0;
		};
		CAE031982A5C21CB0089E839 /* Sources */ = {
			isa = PBXSourcesBuildPhase;
			buildActionMask = 2147483647;
			files = (
				CAE031A12A5C21CB0089E839 /* TruthOrDareUITests.swift in Sources */,
				CAE031A32A5C21CB0089E839 /* TruthOrDareUITestsLaunchTests.swift in Sources */,
			);
			runOnlyForDeploymentPostprocessing = 0;
		};
/* End PBXSourcesBuildPhase section */

/* Begin PBXTargetDependency section */
		CAE031942A5C21CB0089E839 /* PBXTargetDependency */ = {
			isa = PBXTargetDependency;
			target = CAE0317B2A5C21CA0089E839 /* TruthOrDare */;
			targetProxy = CAE031932A5C21CB0089E839 /* PBXContainerItemProxy */;
		};
		CAE0319E2A5C21CB0089E839 /* PBXTargetDependency */ = {
			isa = PBXTargetDependency;
			target = CAE0317B2A5C21CA0089E839 /* TruthOrDare */;
			targetProxy = CAE0319D2A5C21CB0089E839 /* PBXContainerItemProxy */;
		};
/* End PBXTargetDependency section */

/* Begin PBXVariantGroup section */
		CAE031852A5C21CA0089E839 /* Main.storyboard */ = {
			isa = PBXVariantGroup;
			children = (
				CAE031862A5C21CA0089E839 /* Base */,
			);
			name = Main.storyboard;
			sourceTree = "<group>";
		};
		CAE0318A2A5C21CB0089E839 /* LaunchScreen.storyboard */ = {
			isa = PBXVariantGroup;
			children = (
				CAE0318B2A5C21CB0089E839 /* Base */,
			);
			name = LaunchScreen.storyboard;
			sourceTree = "<group>";
		};
/* End PBXVariantGroup section */

/* Begin XCBuildConfiguration section */
		CAE031A42A5C21CB0089E839 /* Debug */ = {
			isa = XCBuildConfiguration;
			buildSettings = {
				ALWAYS_SEARCH_USER_PATHS = NO;
				CLANG_ANALYZER_NONNULL = YES;
				CLANG_ANALYZER_NUMBER_OBJECT_CONVERSION = YES_AGGRESSIVE;
				CLANG_CXX_LANGUAGE_STANDARD = "gnu++20";
				CLANG_ENABLE_MODULES = YES;
				CLANG_ENABLE_OBJC_ARC = YES;
				CLANG_ENABLE_OBJC_WEAK = YES;
				CLANG_WARN_BLOCK_CAPTURE_AUTORELEASING = YES;
				CLANG_WARN_BOOL_CONVERSION = YES;
				CLANG_WARN_COMMA = YES;
				CLANG_WARN_CONSTANT_CONVERSION = YES;
				CLANG_WARN_DEPRECATED_OBJC_IMPLEMENTATIONS = YES;
				CLANG_WARN_DIRECT_OBJC_ISA_USAGE = YES_ERROR;
				CLANG_WARN_DOCUMENTATION_COMMENTS = YES;
				CLANG_WARN_EMPTY_BODY = YES;
				CLANG_WARN_ENUM_CONVERSION = YES;
				CLANG_WARN_INFINITE_RECURSION = YES;
				CLANG_WARN_INT_CONVERSION = YES;
				CLANG_WARN_NON_LITERAL_NULL_CONVERSION = YES;
				CLANG_WARN_OBJC_IMPLICIT_RETAIN_SELF = YES;
				CLANG_WARN_OBJC_LITERAL_CONVERSION = YES;
				CLANG_WARN_OBJC_ROOT_CLASS = YES_ERROR;
				CLANG_WARN_QUOTED_INCLUDE_IN_FRAMEWORK_HEADER = YES;
				CLANG_WARN_RANGE_LOOP_ANALYSIS = YES;
				CLANG_WARN_STRICT_PROTOTYPES = YES;
				CLANG_WARN_SUSPICIOUS_MOVE = YES;
				CLANG_WARN_UNGUARDED_AVAILABILITY = YES_AGGRESSIVE;
				CLANG_WARN_UNREACHABLE_CODE = YES;
				CLANG_WARN__DUPLICATE_METHOD_MATCH = YES;
				COPY_PHASE_STRIP = NO;
				DEBUG_INFORMATION_FORMAT = dwarf;
				ENABLE_STRICT_OBJC_MSGSEND = YES;
				ENABLE_TESTABILITY = YES;
				GCC_C_LANGUAGE_STANDARD = gnu11;
				GCC_DYNAMIC_NO_PIC = NO;
				GCC_NO_COMMON_BLOCKS = YES;
				GCC_OPTIMIZATION_LEVEL = 0;
				GCC_PREPROCESSOR_DEFINITIONS = (
					"DEBUG=1",
					"$(inherited)",
				);
				GCC_WARN_64_TO_32_BIT_CONVERSION = YES;
				GCC_WARN_ABOUT_RETURN_TYPE = YES_ERROR;
				GCC_WARN_UNDECLARED_SELECTOR = YES;
				GCC_WARN_UNINITIALIZED_AUTOS = YES_AGGRESSIVE;
				GCC_WARN_UNUSED_FUNCTION = YES;
				GCC_WARN_UNUSED_VARIABLE = YES;
				IPHONEOS_DEPLOYMENT_TARGET = 16.4;
				MTL_ENABLE_DEBUG_INFO = INCLUDE_SOURCE;
				MTL_FAST_MATH = YES;
				ONLY_ACTIVE_ARCH = YES;
				SDKROOT = iphoneos;
				SWIFT_ACTIVE_COMPILATION_CONDITIONS = DEBUG;
				SWIFT_OPTIMIZATION_LEVEL = "-Onone";
			};
			name = Debug;
		};
		CAE031A52A5C21CB0089E839 /* Release */ = {
			isa = XCBuildConfiguration;
			buildSettings = {
				ALWAYS_SEARCH_USER_PATHS = NO;
				CLANG_ANALYZER_NONNULL = YES;
				CLANG_ANALYZER_NUMBER_OBJECT_CONVERSION = YES_AGGRESSIVE;
				CLANG_CXX_LANGUAGE_STANDARD = "gnu++20";
				CLANG_ENABLE_MODULES = YES;
				CLANG_ENABLE_OBJC_ARC = YES;
				CLANG_ENABLE_OBJC_WEAK = YES;
				CLANG_WARN_BLOCK_CAPTURE_AUTORELEASING = YES;
				CLANG_WARN_BOOL_CONVERSION = YES;
				CLANG_WARN_COMMA = YES;
				CLANG_WARN_CONSTANT_CONVERSION = YES;
				CLANG_WARN_DEPRECATED_OBJC_IMPLEMENTATIONS = YES;
				CLANG_WARN_DIRECT_OBJC_ISA_USAGE = YES_ERROR;
				CLANG_WARN_DOCUMENTATION_COMMENTS = YES;
				CLANG_WARN_EMPTY_BODY = YES;
				CLANG_WARN_ENUM_CONVERSION = YES;
				CLANG_WARN_INFINITE_RECURSION = YES;
				CLANG_WARN_INT_CONVERSION = YES;
				CLANG_WARN_NON_LITERAL_NULL_CONVERSION = YES;
				CLANG_WARN_OBJC_IMPLICIT_RETAIN_SELF = YES;
				CLANG_WARN_OBJC_LITERAL_CONVERSION = YES;
				CLANG_WARN_OBJC_ROOT_CLASS = YES_ERROR;
				CLANG_WARN_QUOTED_INCLUDE_IN_FRAMEWORK_HEADER = YES;
				CLANG_WARN_RANGE_LOOP_ANALYSIS = YES;
				CLANG_WARN_STRICT_PROTOTYPES = YES;
				CLANG_WARN_SUSPICIOUS_MOVE = YES;
				CLANG_WARN_UNGUARDED_AVAILABILITY = YES_AGGRESSIVE;
				CLANG_WARN_UNREACHABLE_CODE = YES;
				CLANG_WARN__DUPLICATE_METHOD_MATCH = YES;
				COPY_PHASE_STRIP = NO;
				DEBUG_INFORMATION_FORMAT = "dwarf-with-dsym";
				ENABLE_NS_ASSERTIONS = NO;
				ENABLE_STRICT_OBJC_MSGSEND = YES;
				GCC_C_LANGUAGE_STANDARD = gnu11;
				GCC_NO_COMMON_BLOCKS = YES;
				GCC_WARN_64_TO_32_BIT_CONVERSION = YES;
				GCC_WARN_ABOUT_RETURN_TYPE = YES_ERROR;
				GCC_WARN_UNDECLARED_SELECTOR = YES;
				GCC_WARN_UNINITIALIZED_AUTOS = YES_AGGRESSIVE;
				GCC_WARN_UNUSED_FUNCTION = YES;
				GCC_WARN_UNUSED_VARIABLE = YES;
				IPHONEOS_DEPLOYMENT_TARGET = 16.4;
				MTL_ENABLE_DEBUG_INFO = NO;
				MTL_FAST_MATH = YES;
				SDKROOT = iphoneos;
				SWIFT_COMPILATION_MODE = wholemodule;
				SWIFT_OPTIMIZATION_LEVEL = "-O";
				VALIDATE_PRODUCT = YES;
			};
			name = Release;
		};
		CAE031A72A5C21CB0089E839 /* Debug */ = {
			isa = XCBuildConfiguration;
			buildSettings = {
				ASSETCATALOG_COMPILER_APPICON_NAME = AppIcon;
				ASSETCATALOG_COMPILER_GLOBAL_ACCENT_COLOR_NAME = AccentColor;
				CODE_SIGN_STYLE = Automatic;
				CURRENT_PROJECT_VERSION = 20230714;
				DEVELOPMENT_TEAM = 9258H7N9X2;
				GENERATE_INFOPLIST_FILE = YES;
				INFOPLIST_FILE = TruthOrDare/Info.plist;
				INFOPLIST_KEY_CFBundleDisplayName = "Truth AI";
				INFOPLIST_KEY_LSApplicationCategoryType = "public.app-category.trivia-games";
				INFOPLIST_KEY_UIApplicationSupportsIndirectInputEvents = YES;
				INFOPLIST_KEY_UILaunchStoryboardName = LaunchScreen;
				INFOPLIST_KEY_UIMainStoryboardFile = Main;
				INFOPLIST_KEY_UISupportedInterfaceOrientations = UIInterfaceOrientationPortrait;
				IPHONEOS_DEPLOYMENT_TARGET = 15.0;
				LD_RUNPATH_SEARCH_PATHS = (
					"$(inherited)",
					"@executable_path/Frameworks",
				);
				MARKETING_VERSION = 1.0.0;
				PRODUCT_BUNDLE_IDENTIFIER = com.imranhajiyev.TruthOrDare;
				PRODUCT_NAME = "$(TARGET_NAME)";
				SUPPORTED_PLATFORMS = "iphoneos iphonesimulator";
				SUPPORTS_MACCATALYST = NO;
				SUPPORTS_MAC_DESIGNED_FOR_IPHONE_IPAD = NO;
				SWIFT_EMIT_LOC_STRINGS = YES;
				SWIFT_VERSION = 5.0;
				TARGETED_DEVICE_FAMILY = 1;
			};
			name = Debug;
		};
		CAE031A82A5C21CB0089E839 /* Release */ = {
			isa = XCBuildConfiguration;
			buildSettings = {
				ASSETCATALOG_COMPILER_APPICON_NAME = AppIcon;
				ASSETCATALOG_COMPILER_GLOBAL_ACCENT_COLOR_NAME = AccentColor;
				CODE_SIGN_STYLE = Automatic;
				CURRENT_PROJECT_VERSION = 20230714;
				DEVELOPMENT_TEAM = 9258H7N9X2;
				GENERATE_INFOPLIST_FILE = YES;
				INFOPLIST_FILE = TruthOrDare/Info.plist;
				INFOPLIST_KEY_CFBundleDisplayName = "Truth AI";
				INFOPLIST_KEY_LSApplicationCategoryType = "public.app-category.trivia-games";
				INFOPLIST_KEY_UIApplicationSupportsIndirectInputEvents = YES;
				INFOPLIST_KEY_UILaunchStoryboardName = LaunchScreen;
				INFOPLIST_KEY_UIMainStoryboardFile = Main;
				INFOPLIST_KEY_UISupportedInterfaceOrientations = UIInterfaceOrientationPortrait;
				IPHONEOS_DEPLOYMENT_TARGET = 15.0;
				LD_RUNPATH_SEARCH_PATHS = (
					"$(inherited)",
					"@executable_path/Frameworks",
				);
				MARKETING_VERSION = 1.0.0;
				PRODUCT_BUNDLE_IDENTIFIER = com.imranhajiyev.TruthOrDare;
				PRODUCT_NAME = "$(TARGET_NAME)";
				SUPPORTED_PLATFORMS = "iphoneos iphonesimulator";
				SUPPORTS_MACCATALYST = NO;
				SUPPORTS_MAC_DESIGNED_FOR_IPHONE_IPAD = NO;
				SWIFT_EMIT_LOC_STRINGS = YES;
				SWIFT_VERSION = 5.0;
				TARGETED_DEVICE_FAMILY = 1;
			};
			name = Release;
		};
		CAE031AA2A5C21CB0089E839 /* Debug */ = {
			isa = XCBuildConfiguration;
			buildSettings = {
				ALWAYS_EMBED_SWIFT_STANDARD_LIBRARIES = YES;
				BUNDLE_LOADER = "$(TEST_HOST)";
				CODE_SIGN_STYLE = Automatic;
				CURRENT_PROJECT_VERSION = 1;
				DEVELOPMENT_TEAM = 9258H7N9X2;
				GENERATE_INFOPLIST_FILE = YES;
				IPHONEOS_DEPLOYMENT_TARGET = 16.4;
				MARKETING_VERSION = 1.0;
				PRODUCT_BUNDLE_IDENTIFIER = com.imranhajiyev.TruthOrDareTests;
				PRODUCT_NAME = "$(TARGET_NAME)";
				SWIFT_EMIT_LOC_STRINGS = NO;
				SWIFT_VERSION = 5.0;
				TARGETED_DEVICE_FAMILY = "1,2";
				TEST_HOST = "$(BUILT_PRODUCTS_DIR)/TruthOrDare.app/$(BUNDLE_EXECUTABLE_FOLDER_PATH)/TruthOrDare";
			};
			name = Debug;
		};
		CAE031AB2A5C21CB0089E839 /* Release */ = {
			isa = XCBuildConfiguration;
			buildSettings = {
				ALWAYS_EMBED_SWIFT_STANDARD_LIBRARIES = YES;
				BUNDLE_LOADER = "$(TEST_HOST)";
				CODE_SIGN_STYLE = Automatic;
				CURRENT_PROJECT_VERSION = 1;
				DEVELOPMENT_TEAM = 9258H7N9X2;
				GENERATE_INFOPLIST_FILE = YES;
				IPHONEOS_DEPLOYMENT_TARGET = 16.4;
				MARKETING_VERSION = 1.0;
				PRODUCT_BUNDLE_IDENTIFIER = com.imranhajiyev.TruthOrDareTests;
				PRODUCT_NAME = "$(TARGET_NAME)";
				SWIFT_EMIT_LOC_STRINGS = NO;
				SWIFT_VERSION = 5.0;
				TARGETED_DEVICE_FAMILY = "1,2";
				TEST_HOST = "$(BUILT_PRODUCTS_DIR)/TruthOrDare.app/$(BUNDLE_EXECUTABLE_FOLDER_PATH)/TruthOrDare";
			};
			name = Release;
		};
		CAE031AD2A5C21CB0089E839 /* Debug */ = {
			isa = XCBuildConfiguration;
			buildSettings = {
				ALWAYS_EMBED_SWIFT_STANDARD_LIBRARIES = YES;
				CODE_SIGN_STYLE = Automatic;
				CURRENT_PROJECT_VERSION = 1;
				DEVELOPMENT_TEAM = 9258H7N9X2;
				GENERATE_INFOPLIST_FILE = YES;
				MARKETING_VERSION = 1.0;
				PRODUCT_BUNDLE_IDENTIFIER = com.imranhajiyev.TruthOrDareUITests;
				PRODUCT_NAME = "$(TARGET_NAME)";
				SWIFT_EMIT_LOC_STRINGS = NO;
				SWIFT_VERSION = 5.0;
				TARGETED_DEVICE_FAMILY = "1,2";
				TEST_TARGET_NAME = TruthOrDare;
			};
			name = Debug;
		};
		CAE031AE2A5C21CB0089E839 /* Release */ = {
			isa = XCBuildConfiguration;
			buildSettings = {
				ALWAYS_EMBED_SWIFT_STANDARD_LIBRARIES = YES;
				CODE_SIGN_STYLE = Automatic;
				CURRENT_PROJECT_VERSION = 1;
				DEVELOPMENT_TEAM = 9258H7N9X2;
				GENERATE_INFOPLIST_FILE = YES;
				MARKETING_VERSION = 1.0;
				PRODUCT_BUNDLE_IDENTIFIER = com.imranhajiyev.TruthOrDareUITests;
				PRODUCT_NAME = "$(TARGET_NAME)";
				SWIFT_EMIT_LOC_STRINGS = NO;
				SWIFT_VERSION = 5.0;
				TARGETED_DEVICE_FAMILY = "1,2";
				TEST_TARGET_NAME = TruthOrDare;
			};
			name = Release;
		};
/* End XCBuildConfiguration section */

/* Begin XCConfigurationList section */
		CAE031772A5C21CA0089E839 /* Build configuration list for PBXProject "TruthOrDare" */ = {
			isa = XCConfigurationList;
			buildConfigurations = (
				CAE031A42A5C21CB0089E839 /* Debug */,
				CAE031A52A5C21CB0089E839 /* Release */,
			);
			defaultConfigurationIsVisible = 0;
			defaultConfigurationName = Release;
		};
		CAE031A62A5C21CB0089E839 /* Build configuration list for PBXNativeTarget "TruthOrDare" */ = {
			isa = XCConfigurationList;
			buildConfigurations = (
				CAE031A72A5C21CB0089E839 /* Debug */,
				CAE031A82A5C21CB0089E839 /* Release */,
			);
			defaultConfigurationIsVisible = 0;
			defaultConfigurationName = Release;
		};
		CAE031A92A5C21CB0089E839 /* Build configuration list for PBXNativeTarget "TruthOrDareTests" */ = {
			isa = XCConfigurationList;
			buildConfigurations = (
				CAE031AA2A5C21CB0089E839 /* Debug */,
				CAE031AB2A5C21CB0089E839 /* Release */,
			);
			defaultConfigurationIsVisible = 0;
			defaultConfigurationName = Release;
		};
		CAE031AC2A5C21CB0089E839 /* Build configuration list for PBXNativeTarget "TruthOrDareUITests" */ = {
			isa = XCConfigurationList;
			buildConfigurations = (
				CAE031AD2A5C21CB0089E839 /* Debug */,
				CAE031AE2A5C21CB0089E839 /* Release */,
			);
			defaultConfigurationIsVisible = 0;
			defaultConfigurationName = Release;
		};
/* End XCConfigurationList section */

/* Begin XCVersionGroup section */
		CAC458E82A80D34A00508D11 /* TruthOrDare.xcdatamodeld */ = {
			isa = XCVersionGroup;
			children = (
				CAC458E92A80D34A00508D11 /* TruthOrDare.xcdatamodel */,
			);
			currentVersion = CAC458E92A80D34A00508D11 /* TruthOrDare.xcdatamodel */;
			path = TruthOrDare.xcdatamodeld;
			sourceTree = "<group>";
			versionGroupType = wrapper.xcdatamodel;
		};
/* End XCVersionGroup section */
	};
	rootObject = CAE031742A5C21CA0089E839 /* Project object */;
}
